
Microsoft Visual Studio Solution File, Format Version 12.00
# Visual Studio Version 16
VisualStudioVersion = 16.0.30711.63
MinimumVisualStudioVersion = 10.0.40219.1
Project("{FAE04EC0-301F-11D3-BF4B-00C04F79EFBC}") = "tic tac toe", "tic tac toe\tic tac toe.csproj", "{8AE7E4BA-935F-4070-B4EA-B3B88CD3D467}"
EndProject
Global
	GlobalSection(SolutionConfigurationPlatforms) = preSolution
		Debug|Any CPU = Debug|Any CPU
		Release|Any CPU = Release|Any CPU
	EndGlobalSection
	GlobalSection(ProjectConfigurationPlatforms) = postSolution
		{8AE7E4BA-935F-4070-B4EA-B3B88CD3D467}.Debug|Any CPU.ActiveCfg = Debug|Any CPU
		{8AE7E4BA-935F-4070-B4EA-B3B88CD3D467}.Debug|Any CPU.Build.0 = Debug|Any CPU
		{8AE7E4BA-935F-4070-B4EA-B3B88CD3D467}.Release|Any CPU.ActiveCfg = Release|Any CPU
		{8AE7E4BA-935F-4070-B4EA-B3B88CD3D467}.Release|Any CPU.Build.0 = Release|Any CPU
	EndGlobalSection
	GlobalSection(SolutionProperties) = preSolution
		HideSolutionNode = FALSE
	EndGlobalSection
	GlobalSection(ExtensibilityGlobals) = postSolution
		SolutionGuid = {11E6753B-377F-40FC-A164-8F99F73A9B5A}
	EndGlobalSection
EndGlobal
